# THIS IS AN AUTOGENERATED FILE. DO NOT EDIT THIS FILE DIRECTLY.
# yarn lockfile v1


"@cliqz/adblocker-content@^1.34.0":
  version "1.34.0"
  resolved "https://registry.yarnpkg.com/@cliqz/adblocker-content/-/adblocker-content-1.34.0.tgz#3a0347c1b4bcb8467f025464a5dc310af1e71668"
  integrity sha512-5LcV8UZv49RWwtpom9ve4TxJIFKd+bjT59tS/2Z2c22Qxx5CW1ncO/T+ybzk31z422XplQfd0ZE6gMGGKs3EMg==
  dependencies:
    "@cliqz/adblocker-extended-selectors" "^1.34.0"

"@cliqz/adblocker-extended-selectors@^1.34.0":
  version "1.34.0"
  resolved "https://registry.yarnpkg.com/@cliqz/adblocker-extended-selectors/-/adblocker-extended-selectors-1.34.0.tgz#d4b055fdbee9d5dfe22b2b75a43dd0b83f709c7c"
  integrity sha512-lNrgdUPpsBWHjrwXy2+Z5nX/Gy5YAvNwFMLqkeMdjzrybwPIalJJN2e+YtkS1I6mVmOMNppF5cv692OAVoI74g==

"@cliqz/adblocker-playwright@^1.34.0":
  version "1.34.0"
  resolved "https://registry.yarnpkg.com/@cliqz/adblocker-playwright/-/adblocker-playwright-1.34.0.tgz#3d067af85793441b01df304f7721880b3d23346d"
  integrity sha512-YMedgiz9LR5VW6ocKoC1P3cSsj1T9Ibinp14beXxvpydMmneX+fQB0Hq4bqWvuuL3CNl7fENMgiCDDMTgMLqww==
  dependencies:
    "@cliqz/adblocker" "^1.34.0"
    "@cliqz/adblocker-content" "^1.34.0"
    tldts-experimental "^6.0.14"

"@cliqz/adblocker@^1.34.0":
  version "1.34.0"
  resolved "https://registry.yarnpkg.com/@cliqz/adblocker/-/adblocker-1.34.0.tgz#2835cc271888adc3bac50d02ebee73ca0c6ec518"
  integrity sha512-d7TeUl5t+TOMJe7/CRYtf+x6hbd8N25DtH7guQTIjjr3AFVortxiAIgNejGvVqy0by4eNByw+oVil15oqxz2Eg==
  dependencies:
    "@cliqz/adblocker-content" "^1.34.0"
    "@cliqz/adblocker-extended-selectors" "^1.34.0"
    "@remusao/guess-url-type" "^1.3.0"
    "@remusao/small" "^1.2.1"
    "@remusao/smaz" "^1.9.1"
    "@types/chrome" "^0.0.278"
    "@types/firefox-webext-browser" "^120.0.0"
    tldts-experimental "^6.0.14"

"@remusao/guess-url-type@^1.3.0":
  version "1.3.0"
  resolved "https://registry.yarnpkg.com/@remusao/guess-url-type/-/guess-url-type-1.3.0.tgz#4d1b73f13d91f5e7775c461be782059ab5da83ad"
  integrity sha512-SNSJGxH5ckvxb3EUHj4DqlAm/bxNxNv2kx/AESZva/9VfcBokwKNS+C4D1lQdWIDM1R3d3UG+xmVzlkNG8CPTQ==

"@remusao/small@^1.2.1":
  version "1.3.0"
  resolved "https://registry.yarnpkg.com/@remusao/small/-/small-1.3.0.tgz#14d43c84ed723579512c6aa1ece6c576861e3418"
  integrity sha512-bydAhJI+ywmg5xMUcbqoR8KahetcfkFywEZpsyFZ8EBofilvWxbXnMSe4vnjDI1Y+SWxnNhR4AL/2BAXkf4b8A==

"@remusao/smaz-compress@^1.10.0":
  version "1.10.0"
  resolved "https://registry.yarnpkg.com/@remusao/smaz-compress/-/smaz-compress-1.10.0.tgz#ed8686c53f0cc17cd882ce8497de8958056bd93a"
  integrity sha512-E/lC8OSU+3bQrUl64vlLyPzIxo7dxF2RvNBe9KzcM4ax43J/d+YMinmMztHyCIHqRbz7rBCtkp3c0KfeIbHmEg==
  dependencies:
    "@remusao/trie" "^1.5.0"

"@remusao/smaz-decompress@^1.10.0":
  version "1.10.0"
  resolved "https://registry.yarnpkg.com/@remusao/smaz-decompress/-/smaz-decompress-1.10.0.tgz#50608337c9ef94fe32dfaf6bfd8859e6f90b9bf3"
  integrity sha512-aA5ImUH480Pcs5/cOgToKmFnzi7osSNG6ft+7DdmQTaQEEst3nLq3JLlBEk+gwidURymjbx6DYs60LHaZ415VQ==

"@remusao/smaz@^1.9.1":
  version "1.10.0"
  resolved "https://registry.yarnpkg.com/@remusao/smaz/-/smaz-1.10.0.tgz#faf83d8bbc4b93a5b70b8dca333526fff8f3c864"
  integrity sha512-GQzCxmmMpLkyZwcwNgz8TpuBEWl0RUQa8IcvKiYlPxuyYKqyqPkCr0hlHI15ckn3kDUPS68VmTVgyPnLNrdVmg==
  dependencies:
    "@remusao/smaz-compress" "^1.10.0"
    "@remusao/smaz-decompress" "^1.10.0"

"@remusao/trie@^1.5.0":
  version "1.5.0"
  resolved "https://registry.yarnpkg.com/@remusao/trie/-/trie-1.5.0.tgz#5afac2b03fec45fdd715a270f73fb1471d9da4eb"
  integrity sha512-UX+3utJKgwCsg6sUozjxd38gNMVRXrY4TNX9VvCdSrlZBS1nZjRPi98ON3QjRAdf6KCguJFyQARRsulTeqQiPg==

"@types/chrome@^0.0.278":
  version "0.0.278"
  resolved "https://registry.yarnpkg.com/@types/chrome/-/chrome-0.0.278.tgz#f7fefc0dd4b66a54bdea2950c5fd7397c729938d"
  integrity sha512-PDIJodOu7o54PpSOYLybPW/MDZBCjM1TKgf31I3Q/qaEbNpIH09rOM3tSEH3N7Q+FAqb1933LhF8ksUPYeQLNg==
  dependencies:
    "@types/filesystem" "*"
    "@types/har-format" "*"

"@types/filesystem@*":
  version "0.0.36"
  resolved "https://registry.yarnpkg.com/@types/filesystem/-/filesystem-0.0.36.tgz#7227c2d76bfed1b21819db310816c7821d303857"
  integrity sha512-vPDXOZuannb9FZdxgHnqSwAG/jvdGM8Wq+6N4D/d80z+D4HWH+bItqsZaVRQykAn6WEVeEkLm2oQigyHtgb0RA==
  dependencies:
    "@types/filewriter" "*"

"@types/filewriter@*":
  version "0.0.33"
  resolved "https://registry.yarnpkg.com/@types/filewriter/-/filewriter-0.0.33.tgz#d9d611db9d9cd99ae4e458de420eeb64ad604ea8"
  integrity sha512-xFU8ZXTw4gd358lb2jw25nxY9QAgqn2+bKKjKOYfNCzN4DKCFetK7sPtrlpg66Ywe3vWY9FNxprZawAh9wfJ3g==

"@types/firefox-webext-browser@^120.0.0":
  version "120.0.4"
  resolved "https://registry.yarnpkg.com/@types/firefox-webext-browser/-/firefox-webext-browser-120.0.4.tgz#27eead781051b2e681a344dd2983735faadd4343"
  integrity sha512-lBrpf08xhiZBigrtdQfUaqX1UauwZ+skbFiL8u2Tdra/rklkKadYmIzTwkNZSWtuZ7OKpFqbE2HHfDoFqvZf6w==

"@types/har-format@*":
  version "1.2.16"
  resolved "https://registry.yarnpkg.com/@types/har-format/-/har-format-1.2.16.tgz#b71ede8681400cc08b3685f061c31e416cf94944"
  integrity sha512-fluxdy7ryD3MV6h8pTfTYpy/xQzCFC7m89nOH9y94cNqJ1mDIDPut7MnRHI3F6qRmh/cT2fUjG1MLdCNb4hE9A==

fsevents@2.3.2:
  version "2.3.2"
  resolved "https://registry.yarnpkg.com/fsevents/-/fsevents-2.3.2.tgz#8a526f78b8fdf4623b709e0b975c52c24c02fd1a"
  integrity sha512-xiqMQR4xAeHTuB9uWm+fFRcIOgKBMiOBP+eXiyT7jsgVCq1bkVygt00oASowB7EdtpOHaaPgKt812P9ab+DDKA==

playwright-core@1.51.0:
  version "1.51.0"
  resolved "https://registry.yarnpkg.com/playwright-core/-/playwright-core-1.51.0.tgz#bb23ea6bb6298242d088ae5e966ffcf8dc9827e8"
  integrity sha512-x47yPE3Zwhlil7wlNU/iktF7t2r/URR3VLbH6EknJd/04Qc/PSJ0EY3CMXipmglLG+zyRxW6HNo2EGbKLHPWMg==

playwright@^1.51.0:
  version "1.51.0"
  resolved "https://registry.yarnpkg.com/playwright/-/playwright-1.51.0.tgz#9ba154497ba62bc6dc199c58ee19295eb35a4707"
  integrity sha512-442pTfGM0xxfCYxuBa/Pu6B2OqxqqaYq39JS8QDMGThUvIOCd6s0ANDog3uwA0cHavVlnTQzGCN7Id2YekDSXA==
  dependencies:
    playwright-core "1.51.0"
  optionalDependencies:
    fsevents "2.3.2"

tldts-core@^6.1.84:
  version "6.1.84"
  resolved "https://registry.yarnpkg.com/tldts-core/-/tldts-core-6.1.84.tgz#f8ac2af9969bf9c2f7a99fa05d9c667b5e5b768c"
  integrity sha512-NaQa1W76W2aCGjXybvnMYzGSM4x8fvG2AN/pla7qxcg0ZHbooOPhA8kctmOZUDfZyhDL27OGNbwAeig8P4p1vg==

tldts-experimental@^6.0.14:
  version "6.1.84"
  resolved "https://registry.yarnpkg.com/tldts-experimental/-/tldts-experimental-6.1.84.tgz#d9564f21924e2df85610bbf07654be4ea22a0f4e"
  integrity sha512-ee8K2ooTDAJhhGT0FrPAtkql/k8MM0/3O3RRAJ4C9pjuO1wwFnfRbSY6fYT7h2mFrdcDzb6Kre591UroI+pTNA==
  dependencies:
    tldts-core "^6.1.84"
