# THIS IS AN AUTOGENERATED FILE. DO NOT EDIT THIS FILE DIRECTLY.
# yarn lockfile v1


"@cliqz/adblocker-content@^1.27.11":
  version "1.27.11"
  resolved "https://registry.yarnpkg.com/@cliqz/adblocker-content/-/adblocker-content-1.27.11.tgz#2ada7a475bd1990e0f7d3b645c3378ede95247bb"
  integrity sha512-tvTYUkQsTzI4O7gCG4/eIiyXpyFxUr355vwEmtc1HAE02x69fIR2o5GjlBs0V03LO+p+3oAQGaiZB8y76sq7Cw==
  dependencies:
    "@cliqz/adblocker-extended-selectors" "^1.27.11"

"@cliqz/adblocker-extended-selectors@^1.27.11":
  version "1.27.11"
  resolved "https://registry.yarnpkg.com/@cliqz/adblocker-extended-selectors/-/adblocker-extended-selectors-1.27.11.tgz#d7f658541536fdc20c5014ecdd3414c7ac7571ae"
  integrity sha512-pS/obN/w7lEGtDTDiA/w/bosTQ01q9Nnnm4kuIjEBf/b2RgVP6nmT79ZTv8WUj8v9/eGkyvnY/7rqnpjK33nBQ==

"@cliqz/adblocker-playwright@^1.27.11":
  version "1.27.11"
  resolved "https://registry.yarnpkg.com/@cliqz/adblocker-playwright/-/adblocker-playwright-1.27.11.tgz#1d2d5d0b0b9f3dbd473d88f693b8fd427aa3fd7e"
  integrity sha512-WESq3FY0NE50u6LGgLlOCY5/YwAkLYWE1iN0JBVvt+zXbDeOM06sVaWvcDO68GuJO9VpdQ1dyXzx7nuqtdVNzg==
  dependencies:
    "@cliqz/adblocker" "^1.27.11"
    "@cliqz/adblocker-content" "^1.27.11"
    tldts-experimental "^6.0.14"

"@cliqz/adblocker@^1.27.11":
  version "1.27.11"
  resolved "https://registry.yarnpkg.com/@cliqz/adblocker/-/adblocker-1.27.11.tgz#f6c4e9d2072be50d67e3a7e003b99fe0539b95c1"
  integrity sha512-nNhXLCzYwwFsDNZiAr7p5O/J/X7CKq247znQlIZJDYi3LwncK/2nJxKpmOuGxIoj8QRhm2AMwebSJTGTm47RBQ==
  dependencies:
    "@cliqz/adblocker-content" "^1.27.11"
    "@cliqz/adblocker-extended-selectors" "^1.27.11"
    "@remusao/guess-url-type" "^1.2.1"
    "@remusao/small" "^1.2.1"
    "@remusao/smaz" "^1.9.1"
    "@types/chrome" "^0.0.268"
    "@types/firefox-webext-browser" "^120.0.0"
    tldts-experimental "^6.0.14"

"@remusao/guess-url-type@^1.2.1":
  version "1.2.1"
  resolved "https://registry.yarnpkg.com/@remusao/guess-url-type/-/guess-url-type-1.2.1.tgz#b3e7c32abdf98d0fb4f93cc67cad580b5fe4ba57"
  integrity sha512-rbOqre2jW8STjheOsOaQHLgYBaBZ9Owbdt8NO7WvNZftJlaG3y/K9oOkl8ZUpuFBisIhmBuMEW6c+YrQl5inRA==

"@remusao/small@^1.2.1":
  version "1.2.1"
  resolved "https://registry.yarnpkg.com/@remusao/small/-/small-1.2.1.tgz#63bfe4548832289f94ac868a0c305970c9a0e5f9"
  integrity sha512-7MjoGt0TJMVw1GPKgWq6SJPws1SLsUXQRa43Umht+nkyw2jnpy3WpiLNqGdwo5rHr5Wp9B2W/Pm5RQp656UJdw==

"@remusao/smaz-compress@^1.9.1":
  version "1.9.1"
  resolved "https://registry.yarnpkg.com/@remusao/smaz-compress/-/smaz-compress-1.9.1.tgz#fc75eaf9bcac2d58bc4c3d518183a7cb9612d275"
  integrity sha512-E2f48TwloQu3r6BdLOGF2aczeH7bJ/32oJGqvzT9SKur0cuUnLcZ7ZXP874E2fwmdE+cXzfC7bKzp79cDnmeyw==
  dependencies:
    "@remusao/trie" "^1.4.1"

"@remusao/smaz-decompress@^1.9.1":
  version "1.9.1"
  resolved "https://registry.yarnpkg.com/@remusao/smaz-decompress/-/smaz-decompress-1.9.1.tgz#8094f997e8fb591a678cda9cf08c209c825eba5b"
  integrity sha512-TfjKKprYe3n47od8auhvJ/Ikj9kQTbDTe71ynKlxslrvvUhlIV3VQSuwYuMWMbdz1fIs0H/fxCN1Z8/H3km6/A==

"@remusao/smaz@^1.9.1":
  version "1.9.1"
  resolved "https://registry.yarnpkg.com/@remusao/smaz/-/smaz-1.9.1.tgz#a2b9b045385f81e1615a68d932b7cc8b04c9db8d"
  integrity sha512-e6BLuP8oaXCZ9+v46Is4ilAZ/Vq6YLgmBP204Ixgk1qTjXmqvFYG7+AS7v9nsZdGOy96r9DWGFbbDVgMxwu1rA==
  dependencies:
    "@remusao/smaz-compress" "^1.9.1"
    "@remusao/smaz-decompress" "^1.9.1"

"@remusao/trie@^1.4.1":
  version "1.4.1"
  resolved "https://registry.yarnpkg.com/@remusao/trie/-/trie-1.4.1.tgz#755d09f8a007476334e611f42719b2d581f00720"
  integrity sha512-yvwa+aCyYI/UjeD39BnpMypG8N06l86wIDW1/PAc6ihBRnodIfZDwccxQN3n1t74wduzaz74m4ZMHZnB06567Q==

"@types/chrome@^0.0.268":
  version "0.0.268"
  resolved "https://registry.yarnpkg.com/@types/chrome/-/chrome-0.0.268.tgz#d5855546f30c83e181cadd77127a162c25b480d2"
  integrity sha512-7N1QH9buudSJ7sI8Pe4mBHJr5oZ48s0hcanI9w3wgijAlv1OZNUZve9JR4x42dn5lJ5Sm87V1JNfnoh10EnQlA==
  dependencies:
    "@types/filesystem" "*"
    "@types/har-format" "*"

"@types/filesystem@*":
  version "0.0.36"
  resolved "https://registry.yarnpkg.com/@types/filesystem/-/filesystem-0.0.36.tgz#7227c2d76bfed1b21819db310816c7821d303857"
  integrity sha512-vPDXOZuannb9FZdxgHnqSwAG/jvdGM8Wq+6N4D/d80z+D4HWH+bItqsZaVRQykAn6WEVeEkLm2oQigyHtgb0RA==
  dependencies:
    "@types/filewriter" "*"

"@types/filewriter@*":
  version "0.0.33"
  resolved "https://registry.yarnpkg.com/@types/filewriter/-/filewriter-0.0.33.tgz#d9d611db9d9cd99ae4e458de420eeb64ad604ea8"
  integrity sha512-xFU8ZXTw4gd358lb2jw25nxY9QAgqn2+bKKjKOYfNCzN4DKCFetK7sPtrlpg66Ywe3vWY9FNxprZawAh9wfJ3g==

"@types/firefox-webext-browser@^120.0.0":
  version "120.0.3"
  resolved "https://registry.yarnpkg.com/@types/firefox-webext-browser/-/firefox-webext-browser-120.0.3.tgz#d80f8d99a674102cd70cc3675490d4bc4771da61"
  integrity sha512-APbBSxOvFMbKwXy/4YrEVa5Di6N0C9yl4w0WA0xzdkOrChAfPQ/KlcC8QLyhemHCHpF1CB/zHy52+oUQurViOg==

"@types/har-format@*":
  version "1.2.15"
  resolved "https://registry.yarnpkg.com/@types/har-format/-/har-format-1.2.15.tgz#f352493638c2f89d706438a19a9eb300b493b506"
  integrity sha512-RpQH4rXLuvTXKR0zqHq3go0RVXYv/YVqv4TnPH95VbwUxZdQlK1EtcMvQvMpDngHbt13Csh9Z4qT9AbkiQH5BA==

fsevents@2.3.2:
  version "2.3.2"
  resolved "https://registry.yarnpkg.com/fsevents/-/fsevents-2.3.2.tgz#8a526f78b8fdf4623b709e0b975c52c24c02fd1a"
  integrity sha512-xiqMQR4xAeHTuB9uWm+fFRcIOgKBMiOBP+eXiyT7jsgVCq1bkVygt00oASowB7EdtpOHaaPgKt812P9ab+DDKA==

playwright-core@1.45.1:
  version "1.45.1"
  resolved "https://registry.yarnpkg.com/playwright-core/-/playwright-core-1.45.1.tgz#549a2701556b58245cc75263f9fc2795c1158dc1"
  integrity sha512-LF4CUUtrUu2TCpDw4mcrAIuYrEjVDfT1cHbJMfwnE2+1b8PZcFzPNgvZCvq2JfQ4aTjRCCHw5EJ2tmr2NSzdPg==

playwright@^1.45.1:
  version "1.45.1"
  resolved "https://registry.yarnpkg.com/playwright/-/playwright-1.45.1.tgz#aaa6b0d6db14796b599d80c6679e63444e942534"
  integrity sha512-Hjrgae4kpSQBr98nhCj3IScxVeVUixqj+5oyif8TdIn2opTCPEzqAqNMeK42i3cWDCVu9MI+ZsGWw+gVR4ISBg==
  dependencies:
    playwright-core "1.45.1"
  optionalDependencies:
    fsevents "2.3.2"

tldts-core@^6.1.25:
  version "6.1.25"
  resolved "https://registry.yarnpkg.com/tldts-core/-/tldts-core-6.1.25.tgz#8904ae5a107a1e0001e2acf89aeba42bae1816d2"
  integrity sha512-hbSsjJOeDMV91JiqcrrFQ46D7EepH880zVmPjnBDmt3P+h0Aowz8Nh1adIcqkdhJbgpzZYQr6aM8/N3tZC6JyA==

tldts-experimental@^6.0.14:
  version "6.1.25"
  resolved "https://registry.yarnpkg.com/tldts-experimental/-/tldts-experimental-6.1.25.tgz#efb7635ffbf7c88993b9eda64c480eb58d2a9b25"
  integrity sha512-ZuQ2O51a5aRmIXJwHS5HelcDwg4CwVRcSfrFUPSe4nfGEZlFqFgEJ+vsamZWntFZDCRdJP0eETVk8PQIs8NcFw==
  dependencies:
    tldts-core "^6.1.25"
