# THIS IS AN AUTOGENERATED FILE. DO NOT EDIT THIS FILE DIRECTLY.
# yarn lockfile v1


"@cliqz/adblocker-content@^1.33.2":
  version "1.33.2"
  resolved "https://registry.yarnpkg.com/@cliqz/adblocker-content/-/adblocker-content-1.33.2.tgz#305adcfed4be882dcdf7f0d607a1f60adf0bc056"
  integrity sha512-OlLfenwU6sxo3/y6IPfnl9ou32IFwRzQXgHrLWZ0IjzcY8ZxpGlh97QcW1D9QyTPj3Ndub6vNJxsnMjNOWDd7g==
  dependencies:
    "@cliqz/adblocker-extended-selectors" "^1.33.2"

"@cliqz/adblocker-extended-selectors@^1.33.2":
  version "1.33.2"
  resolved "https://registry.yarnpkg.com/@cliqz/adblocker-extended-selectors/-/adblocker-extended-selectors-1.33.2.tgz#f41cf3083df668c0ed9c426fa5bd7a9fdd64925e"
  integrity sha512-SPL8vZyniuQ1kBmwM0KZyNNHnS8Nd6N0eoGDzkPJqkAW+ntT/v7MBXmlhKmpYhsh773uLZUjF5bSlTQprXtcdw==

"@cliqz/adblocker-playwright@^1.33.2":
  version "1.33.2"
  resolved "https://registry.yarnpkg.com/@cliqz/adblocker-playwright/-/adblocker-playwright-1.33.2.tgz#0e0d8e58a394fdd3cbf9cc01243f3640cac82990"
  integrity sha512-VtLbFxINOASJNQ9bpl32vULgwQQ/EOmCdWHHM0LLmUDA5pCtj0T0gkXYIHyK/MFV4q5RAQPnv2PYCvmHXyLJlQ==
  dependencies:
    "@cliqz/adblocker" "^1.33.2"
    "@cliqz/adblocker-content" "^1.33.2"
    tldts-experimental "^6.0.14"

"@cliqz/adblocker@^1.33.2":
  version "1.33.2"
  resolved "https://registry.yarnpkg.com/@cliqz/adblocker/-/adblocker-1.33.2.tgz#e0ac543e911d8eb74c9e2d6718e99995a5a6c892"
  integrity sha512-S6XHtSsn2+vvCgkqgmMuyZwGjXNfwQtPdzitrELzzNP881gbt7DDdbTBPAF50DOI2ZPDvkXfyoinbY5wEJPD+g==
  dependencies:
    "@cliqz/adblocker-content" "^1.33.2"
    "@cliqz/adblocker-extended-selectors" "^1.33.2"
    "@remusao/guess-url-type" "^1.3.0"
    "@remusao/small" "^1.2.1"
    "@remusao/smaz" "^1.9.1"
    "@types/chrome" "^0.0.270"
    "@types/firefox-webext-browser" "^120.0.0"
    tldts-experimental "^6.0.14"

"@remusao/guess-url-type@^1.3.0":
  version "1.3.0"
  resolved "https://registry.yarnpkg.com/@remusao/guess-url-type/-/guess-url-type-1.3.0.tgz#4d1b73f13d91f5e7775c461be782059ab5da83ad"
  integrity sha512-SNSJGxH5ckvxb3EUHj4DqlAm/bxNxNv2kx/AESZva/9VfcBokwKNS+C4D1lQdWIDM1R3d3UG+xmVzlkNG8CPTQ==

"@remusao/small@^1.2.1":
  version "1.3.0"
  resolved "https://registry.yarnpkg.com/@remusao/small/-/small-1.3.0.tgz#14d43c84ed723579512c6aa1ece6c576861e3418"
  integrity sha512-bydAhJI+ywmg5xMUcbqoR8KahetcfkFywEZpsyFZ8EBofilvWxbXnMSe4vnjDI1Y+SWxnNhR4AL/2BAXkf4b8A==

"@remusao/smaz-compress@^1.10.0":
  version "1.10.0"
  resolved "https://registry.yarnpkg.com/@remusao/smaz-compress/-/smaz-compress-1.10.0.tgz#ed8686c53f0cc17cd882ce8497de8958056bd93a"
  integrity sha512-E/lC8OSU+3bQrUl64vlLyPzIxo7dxF2RvNBe9KzcM4ax43J/d+YMinmMztHyCIHqRbz7rBCtkp3c0KfeIbHmEg==
  dependencies:
    "@remusao/trie" "^1.5.0"

"@remusao/smaz-decompress@^1.10.0":
  version "1.10.0"
  resolved "https://registry.yarnpkg.com/@remusao/smaz-decompress/-/smaz-decompress-1.10.0.tgz#50608337c9ef94fe32dfaf6bfd8859e6f90b9bf3"
  integrity sha512-aA5ImUH480Pcs5/cOgToKmFnzi7osSNG6ft+7DdmQTaQEEst3nLq3JLlBEk+gwidURymjbx6DYs60LHaZ415VQ==

"@remusao/smaz@^1.9.1":
  version "1.10.0"
  resolved "https://registry.yarnpkg.com/@remusao/smaz/-/smaz-1.10.0.tgz#faf83d8bbc4b93a5b70b8dca333526fff8f3c864"
  integrity sha512-GQzCxmmMpLkyZwcwNgz8TpuBEWl0RUQa8IcvKiYlPxuyYKqyqPkCr0hlHI15ckn3kDUPS68VmTVgyPnLNrdVmg==
  dependencies:
    "@remusao/smaz-compress" "^1.10.0"
    "@remusao/smaz-decompress" "^1.10.0"

"@remusao/trie@^1.5.0":
  version "1.5.0"
  resolved "https://registry.yarnpkg.com/@remusao/trie/-/trie-1.5.0.tgz#5afac2b03fec45fdd715a270f73fb1471d9da4eb"
  integrity sha512-UX+3utJKgwCsg6sUozjxd38gNMVRXrY4TNX9VvCdSrlZBS1nZjRPi98ON3QjRAdf6KCguJFyQARRsulTeqQiPg==

"@types/chrome@^0.0.270":
  version "0.0.270"
  resolved "https://registry.yarnpkg.com/@types/chrome/-/chrome-0.0.270.tgz#575f47107652ef75d4841ec8ffa018137c8f51e7"
  integrity sha512-ADvkowV7YnJfycZZxL2brluZ6STGW+9oKG37B422UePf2PCXuFA/XdERI0T18wtuWPx0tmFeZqq6MOXVk1IC+Q==
  dependencies:
    "@types/filesystem" "*"
    "@types/har-format" "*"

"@types/filesystem@*":
  version "0.0.36"
  resolved "https://registry.yarnpkg.com/@types/filesystem/-/filesystem-0.0.36.tgz#7227c2d76bfed1b21819db310816c7821d303857"
  integrity sha512-vPDXOZuannb9FZdxgHnqSwAG/jvdGM8Wq+6N4D/d80z+D4HWH+bItqsZaVRQykAn6WEVeEkLm2oQigyHtgb0RA==
  dependencies:
    "@types/filewriter" "*"

"@types/filewriter@*":
  version "0.0.33"
  resolved "https://registry.yarnpkg.com/@types/filewriter/-/filewriter-0.0.33.tgz#d9d611db9d9cd99ae4e458de420eeb64ad604ea8"
  integrity sha512-xFU8ZXTw4gd358lb2jw25nxY9QAgqn2+bKKjKOYfNCzN4DKCFetK7sPtrlpg66Ywe3vWY9FNxprZawAh9wfJ3g==

"@types/firefox-webext-browser@^120.0.0":
  version "120.0.4"
  resolved "https://registry.yarnpkg.com/@types/firefox-webext-browser/-/firefox-webext-browser-120.0.4.tgz#27eead781051b2e681a344dd2983735faadd4343"
  integrity sha512-lBrpf08xhiZBigrtdQfUaqX1UauwZ+skbFiL8u2Tdra/rklkKadYmIzTwkNZSWtuZ7OKpFqbE2HHfDoFqvZf6w==

"@types/har-format@*":
  version "1.2.15"
  resolved "https://registry.yarnpkg.com/@types/har-format/-/har-format-1.2.15.tgz#f352493638c2f89d706438a19a9eb300b493b506"
  integrity sha512-RpQH4rXLuvTXKR0zqHq3go0RVXYv/YVqv4TnPH95VbwUxZdQlK1EtcMvQvMpDngHbt13Csh9Z4qT9AbkiQH5BA==

fsevents@2.3.2:
  version "2.3.2"
  resolved "https://registry.yarnpkg.com/fsevents/-/fsevents-2.3.2.tgz#8a526f78b8fdf4623b709e0b975c52c24c02fd1a"
  integrity sha512-xiqMQR4xAeHTuB9uWm+fFRcIOgKBMiOBP+eXiyT7jsgVCq1bkVygt00oASowB7EdtpOHaaPgKt812P9ab+DDKA==

playwright-core@1.47.2:
  version "1.47.2"
  resolved "https://registry.yarnpkg.com/playwright-core/-/playwright-core-1.47.2.tgz#7858da9377fa32a08be46ba47d7523dbd9460a4e"
  integrity sha512-3JvMfF+9LJfe16l7AbSmU555PaTl2tPyQsVInqm3id16pdDfvZ8TTZ/pyzmkbDrZTQefyzU7AIHlZqQnxpqHVQ==

playwright@^1.47.2:
  version "1.47.2"
  resolved "https://registry.yarnpkg.com/playwright/-/playwright-1.47.2.tgz#155688aa06491ee21fb3e7555b748b525f86eb20"
  integrity sha512-nx1cLMmQWqmA3UsnjaaokyoUpdVaaDhJhMoxX2qj3McpjnsqFHs516QAKYhqHAgOP+oCFTEOCOAaD1RgD/RQfA==
  dependencies:
    playwright-core "1.47.2"
  optionalDependencies:
    fsevents "2.3.2"

tldts-core@^6.1.48:
  version "6.1.48"
  resolved "https://registry.yarnpkg.com/tldts-core/-/tldts-core-6.1.48.tgz#efa7dc689b9757d1d4326b787cd992f10a16b2fb"
  integrity sha512-3gD9iKn/n2UuFH1uilBviK9gvTNT6iYwdqrj1Vr5mh8FuelvpRNaYVH4pNYqUgOGU4aAdL9X35eLuuj0gRsx+A==

tldts-experimental@^6.0.14:
  version "6.1.48"
  resolved "https://registry.yarnpkg.com/tldts-experimental/-/tldts-experimental-6.1.48.tgz#885cb8e0f94ebc91d0f0bfe9ca6a6c334dce0134"
  integrity sha512-DfEGuLszDlllzx51WTABXB6LeMF46odcTWGUqG9rdTaRhiRlp+Ldkr1jiHugWBw/etwj71kr02rAUNt4cAet/w==
  dependencies:
    tldts-core "^6.1.48"
